# Generated by pub
# See http://pub.dartlang.org/doc/glossary.html#lockfile
packages:
  browser:
    description: browser
    source: hosted
    version: "0.5.7"
  meta:
    description: meta
    source: hosted
    version: "0.5.16"
  unittest:
    description: unittest
    source: hosted
    version: "0.5.16"
  xml:
    description: xml
    source: hosted
    version: "0.9.3+2"
